// !$*UTF8*$!
{
	archiveVersion = 1;
	classes = {
	};
	objectVersion = 48;
	objects = {

/* Begin PBXBuildFile section */
		60027F8B1F186D9F00D82418 /* ResultCell.swift in Sources */ = {isa = PBXBuildFile; fileRef = 60027F8A1F186D9F00D82418 /* ResultCell.swift */; };
		60027F8D1F186EE700D82418 /* DisplayCalculation.swift in Sources */ = {isa = PBXBuildFile; fileRef = 60027F8C1F186EE700D82418 /* DisplayCalculation.swift */; };
		6035D39A1F0B0F6200AC8AB7 /* AppDelegate.swift in Sources */ = {isa = PBXBuildFile; fileRef = 6035D3991F0B0F6200AC8AB7 /* AppDelegate.swift */; };
		6035D39C1F0B0F6200AC8AB7 /* ViewController.swift in Sources */ = {isa = PBXBuildFile; fileRef = 6035D39B1F0B0F6200AC8AB7 /* ViewController.swift */; };
		6035D39F1F0B0F6200AC8AB7 /* Main.storyboard in Resources */ = {isa = PBXBuildFile; fileRef = 6035D39D1F0B0F6200AC8AB7 /* Main.storyboard */; };
		6035D3A11F0B0F6200AC8AB7 /* Assets.xcassets in Resources */ = {isa = PBXBuildFile; fileRef = 6035D3A01F0B0F6200AC8AB7 /* Assets.xcassets */; };
		6035D3A41F0B0F6200AC8AB7 /* LaunchScreen.storyboard in Resources */ = {isa = PBXBuildFile; fileRef = 6035D3A21F0B0F6200AC8AB7 /* LaunchScreen.storyboard */; };
		6035D3AC1F0B1CD500AC8AB7 /* Calculator.swift in Sources */ = {isa = PBXBuildFile; fileRef = 6035D3AB1F0B1CD500AC8AB7 /* Calculator.swift */; };
/* End PBXBuildFile section */

/* Begin PBXFileReference section */
		60027F8A1F186D9F00D82418 /* ResultCell.swift */ = {isa = PBXFileReference; fileEncoding = 4; lastKnownFileType = sourcecode.swift; path = ResultCell.swift; sourceTree = "<group>"; };
		60027F8C1F186EE700D82418 /* DisplayCalculation.swift */ = {isa = PBXFileReference; fileEncoding = 4; lastKnownFileType = sourcecode.swift; path = DisplayCalculation.swift; sourceTree = "<group>"; };
		6035D3961F0B0F6200AC8AB7 /* CalculatorByFr3qFly.app */ = {isa = PBXFileReference; explicitFileType = wrapper.application; includeInIndex = 0; path = CalculatorByFr3qFly.app; sourceTree = BUILT_PRODUCTS_DIR; };
		6035D3991F0B0F6200AC8AB7 /* AppDelegate.swift */ = {isa = PBXFileReference; lastKnownFileType = sourcecode.swift; path = AppDelegate.swift; sourceTree = "<group>"; };
		6035D39B1F0B0F6200AC8AB7 /* ViewController.swift */ = {isa = PBXFileReference; lastKnownFileType = sourcecode.swift; path = ViewController.swift; sourceTree = "<group>"; };
		6035D39E1F0B0F6200AC8AB7 /* Base */ = {isa = PBXFileReference; lastKnownFileType = file.storyboard; name = Base; path = Base.lproj/Main.storyboard; sourceTree = "<group>"; };
		6035D3A01F0B0F6200AC8AB7 /* Assets.xcassets */ = {isa = PBXFileReference; lastKnownFileType = folder.assetcatalog; path = Assets.xcassets; sourceTree = "<group>"; };
		6035D3A31F0B0F6200AC8AB7 /* Base */ = {isa = PBXFileReference; lastKnownFileType = file.storyboard; name = Base; path = Base.lproj/LaunchScreen.storyboard; sourceTree = "<group>"; };
		6035D3A51F0B0F6200AC8AB7 /* Info.plist */ = {isa = PBXFileReference; lastKnownFileType = text.plist.xml; path = Info.plist; sourceTree = "<group>"; };
		6035D3AB1F0B1CD500AC8AB7 /* Calculator.swift */ = {isa = PBXFileReference; fileEncoding = 4; lastKnownFileType = sourcecode.swift; path = Calculator.swift; sourceTree = "<group>"; };
/* End PBXFileReference section */

/* Begin PBXFrameworksBuildPhase section */
		6035D3931F0B0F6200AC8AB7 /* Frameworks */ = {
			isa = PBXFrameworksBuildPhase;
			buildActionMask = 2147483647;
			files = (
			);
			runOnlyForDeploymentPostprocessing = 0;
		};
/* End PBXFrameworksBuildPhase section */

/* Begin PBXGroup section */
		6035D38D1F0B0F6200AC8AB7 = {
			isa = PBXGroup;
			children = (
				6035D3981F0B0F6200AC8AB7 /* Calculator */,
				6035D3971F0B0F6200AC8AB7 /* Products */,
			);
			sourceTree = "<group>";
		};
		6035D3971F0B0F6200AC8AB7 /* Products */ = {
			isa = PBXGroup;
			children = (
				6035D3961F0B0F6200AC8AB7 /* CalculatorByFr3qFly.app */,
			);
			name = Products;
			sourceTree = "<group>";
		};
		6035D3981F0B0F6200AC8AB7 /* Calculator */ = {
			isa = PBXGroup;
			children = (
				6035D3991F0B0F6200AC8AB7 /* AppDelegate.swift */,
				6035D39B1F0B0F6200AC8AB7 /* ViewController.swift */,
				60027F8C1F186EE700D82418 /* DisplayCalculation.swift */,
				6035D3AB1F0B1CD500AC8AB7 /* Calculator.swift */,
				6035D39D1F0B0F6200AC8AB7 /* Main.storyboard */,
				60027F8A1F186D9F00D82418 /* ResultCell.swift */,
				6035D3A01F0B0F6200AC8AB7 /* Assets.xcassets */,
				6035D3A21F0B0F6200AC8AB7 /* LaunchScreen.storyboard */,
				6035D3A51F0B0F6200AC8AB7 /* Info.plist */,
			);
			path = Calculator;
			sourceTree = "<group>";
		};
/* End PBXGroup section */

/* Begin PBXNativeTarget section */
		6035D3951F0B0F6200AC8AB7 /* CalculatorByFr3qFly */ = {
			isa = PBXNativeTarget;
			buildConfigurationList = 6035D3A81F0B0F6200AC8AB7 /* Build configuration list for PBXNativeTarget "CalculatorByFr3qFly" */;
			buildPhases = (
				6035D3921F0B0F6200AC8AB7 /* Sources */,
				6035D3931F0B0F6200AC8AB7 /* Frameworks */,
				6035D3941F0B0F6200AC8AB7 /* Resources */,
			);
			buildRules = (
			);
			dependencies = (
			);
			name = CalculatorByFr3qFly;
			productName = Calculator;
			productReference = 6035D3961F0B0F6200AC8AB7 /* CalculatorByFr3qFly.app */;
			productType = "com.apple.product-type.application";
		};
/* End PBXNativeTarget section */

/* Begin PBXProject section */
		6035D38E1F0B0F6200AC8AB7 /* Project object */ = {
			isa = PBXProject;
			attributes = {
				LastSwiftUpdateCheck = 0830;
				LastUpgradeCheck = 0830;
				ORGANIZATIONNAME = "Szamódy Zs. Balázs";
				TargetAttributes = {
					6035D3951F0B0F6200AC8AB7 = {
						CreatedOnToolsVersion = 8.3.3;
						ProvisioningStyle = Automatic;
					};
				};
			};
			buildConfigurationList = 6035D3911F0B0F6200AC8AB7 /* Build configuration list for PBXProject "CalculatorByFr3qFly" */;
			compatibilityVersion = "Xcode 8.0";
			developmentRegion = English;
			hasScannedForEncodings = 0;
			knownRegions = (
				en,
				Base,
			);
			mainGroup = 6035D38D1F0B0F6200AC8AB7;
			productRefGroup = 6035D3971F0B0F6200AC8AB7 /* Products */;
			projectDirPath = "";
			projectRoot = "";
			targets = (
				6035D3951F0B0F6200AC8AB7 /* CalculatorByFr3qFly */,
			);
		};
/* End PBXProject section */

/* Begin PBXResourcesBuildPhase section */
		6035D3941F0B0F6200AC8AB7 /* Resources */ = {
			isa = PBXResourcesBuildPhase;
			buildActionMask = 2147483647;
			files = (
				6035D3A41F0B0F6200AC8AB7 /* LaunchScreen.storyboard in Resources */,
				6035D3A11F0B0F6200AC8AB7 /* Assets.xcassets in Resources */,
				6035D39F1F0B0F6200AC8AB7 /* Main.storyboard in Resources */,
			);
			runOnlyForDeploymentPostprocessing = 0;
		};
/* End PBXResourcesBuildPhase section */

/* Begin PBXSourcesBuildPhase section */
		6035D3921F0B0F6200AC8AB7 /* Sources */ = {
			isa = PBXSourcesBuildPhase;
			buildActionMask = 2147483647;
			files = (
				6035D39C1F0B0F6200AC8AB7 /* ViewController.swift in Sources */,
				6035D39A1F0B0F6200AC8AB7 /* AppDelegate.swift in Sources */,
				60027F8B1F186D9F00D82418 /* ResultCell.swift in Sources */,
				6035D3AC1F0B1CD500AC8AB7 /* Calculator.swift in Sources */,
				60027F8D1F186EE700D82418 /* DisplayCalculation.swift in Sources */,
			);
			runOnlyForDeploymentPostprocessing = 0;
		};
/* End PBXSourcesBuildPhase section */

/* Begin PBXVariantGroup section */
		6035D39D1F0B0F6200AC8AB7 /* Main.storyboard */ = {
			isa = PBXVariantGroup;
			children = (
				6035D39E1F0B0F6200AC8AB7 /* Base */,
			);
			name = Main.storyboard;
			sourceTree = "<group>";
		};
		6035D3A21F0B0F6200AC8AB7 /* LaunchScreen.storyboard */ = {
			isa = PBXVariantGroup;
			children = (
				6035D3A31F0B0F6200AC8AB7 /* Base */,
			);
			name = LaunchScreen.storyboard;
			sourceTree = "<group>";
		};
/* End PBXVariantGroup section */

/* Begin XCBuildConfiguration section */
		6035D3A61F0B0F6200AC8AB7 /* Debug */ = {
			isa = XCBuildConfiguration;
			buildSettings = {
				ALWAYS_SEARCH_USER_PATHS = NO;
				CLANG_ANALYZER_NONNULL = YES;
				CLANG_ANALYZER_NUMBER_OBJECT_CONVERSION = YES_AGGRESSIVE;
				CLANG_CXX_LANGUAGE_STANDARD = "gnu++0x";
				CLANG_CXX_LIBRARY = "libc++";
				CLANG_ENABLE_MODULES = YES;
				CLANG_ENABLE_OBJC_ARC = YES;
				CLANG_WARN_BOOL_CONVERSION = YES;
				CLANG_WARN_CONSTANT_CONVERSION = YES;
				CLANG_WARN_DIRECT_OBJC_ISA_USAGE = YES_ERROR;
				CLANG_WARN_DOCUMENTATION_COMMENTS = YES;
				CLANG_WARN_EMPTY_BODY = YES;
				CLANG_WARN_ENUM_CONVERSION = YES;
				CLANG_WARN_INFINITE_RECURSION = YES;
				CLANG_WARN_INT_CONVERSION = YES;
				CLANG_WARN_OBJC_ROOT_CLASS = YES_ERROR;
				CLANG_WARN_SUSPICIOUS_MOVE = YES;
				CLANG_WARN_UNREACHABLE_CODE = YES;
				CLANG_WARN__DUPLICATE_METHOD_MATCH = YES;
				"CODE_SIGN_IDENTITY[sdk=iphoneos*]" = "iPhone Developer";
				COPY_PHASE_STRIP = NO;
				DEBUG_INFORMATION_FORMAT = dwarf;
				ENABLE_STRICT_OBJC_MSGSEND = YES;
				ENABLE_TESTABILITY = YES;
				GCC_C_LANGUAGE_STANDARD = gnu99;
				GCC_DYNAMIC_NO_PIC = NO;
				GCC_NO_COMMON_BLOCKS = YES;
				GCC_OPTIMIZATION_LEVEL = 0;
				GCC_PREPROCESSOR_DEFINITIONS = (
					"DEBUG=1",
					"$(inherited)",
				);
				GCC_WARN_64_TO_32_BIT_CONVERSION = YES;
				GCC_WARN_ABOUT_RETURN_TYPE = YES_ERROR;
				GCC_WARN_UNDECLARED_SELECTOR = YES;
				GCC_WARN_UNINITIALIZED_AUTOS = YES_AGGRESSIVE;
				GCC_WARN_UNUSED_FUNCTION = YES;
				GCC_WARN_UNUSED_VARIABLE = YES;
				IPHONEOS_DEPLOYMENT_TARGET = 10.3;
				MTL_ENABLE_DEBUG_INFO = YES;
				ONLY_ACTIVE_ARCH = YES;
				SDKROOT = iphoneos;
				SWIFT_ACTIVE_COMPILATION_CONDITIONS = DEBUG;
				SWIFT_OPTIMIZATION_LEVEL = "-Onone";
				TARGETED_DEVICE_FAMILY = "1,2";
			};
			name = Debug;
		};
		6035D3A71F0B0F6200AC8AB7 /* Release */ = {
			isa = XCBuildConfiguration;
			buildSettings = {
				ALWAYS_SEARCH_USER_PATHS = NO;
				CLANG_ANALYZER_NONNULL = YES;
				CLANG_ANALYZER_NUMBER_OBJECT_CONVERSION = YES_AGGRESSIVE;
				CLANG_CXX_LANGUAGE_STANDARD = "gnu++0x";
				CLANG_CXX_LIBRARY = "libc++";
				CLANG_ENABLE_MODULES = YES;
				CLANG_ENABLE_OBJC_ARC = YES;
				CLANG_WARN_BOOL_CONVERSION = YES;
				CLANG_WARN_CONSTANT_CONVERSION = YES;
				CLANG_WARN_DIRECT_OBJC_ISA_USAGE = YES_ERROR;
				CLANG_WARN_DOCUMENTATION_COMMENTS = YES;
				CLANG_WARN_EMPTY_BODY = YES;
				CLANG_WARN_ENUM_CONVERSION = YES;
				CLANG_WARN_INFINITE_RECURSION = YES;
				CLANG_WARN_INT_CONVERSION = YES;
				CLANG_WARN_OBJC_ROOT_CLASS = YES_ERROR;
				CLANG_WARN_SUSPICIOUS_MOVE = YES;
				CLANG_WARN_UNREACHABLE_CODE = YES;
				CLANG_WARN__DUPLICATE_METHOD_MATCH = YES;
				"CODE_SIGN_IDENTITY[sdk=iphoneos*]" = "iPhone Developer";
				COPY_PHASE_STRIP = NO;
				DEBUG_INFORMATION_FORMAT = "dwarf-with-dsym";
				ENABLE_NS_ASSERTIONS = NO;
				ENABLE_STRICT_OBJC_MSGSEND = YES;
				GCC_C_LANGUAGE_STANDARD = gnu99;
				GCC_NO_COMMON_BLOCKS = YES;
				GCC_WARN_64_TO_32_BIT_CONVERSION = YES;
				GCC_WARN_ABOUT_RETURN_TYPE = YES_ERROR;
				GCC_WARN_UNDECLARED_SELECTOR = YES;
				GCC_WARN_UNINITIALIZED_AUTOS = YES_AGGRESSIVE;
				GCC_WARN_UNUSED_FUNCTION = YES;
				GCC_WARN_UNUSED_VARIABLE = YES;
				IPHONEOS_DEPLOYMENT_TARGET = 10.3;
				MTL_ENABLE_DEBUG_INFO = NO;
				SDKROOT = iphoneos;
				SWIFT_OPTIMIZATION_LEVEL = "-Owholemodule";
				TARGETED_DEVICE_FAMILY = "1,2";
				VALIDATE_PRODUCT = YES;
			};
			name = Release;
		};
		6035D3A91F0B0F6200AC8AB7 /* Debug */ = {
			isa = XCBuildConfiguration;
			buildSettings = {
				ASSETCATALOG_COMPILER_APPICON_NAME = AppIcon;
				DEVELOPMENT_TEAM = VWUE9JZKY9;
				INFOPLIST_FILE = Calculator/Info.plist;
				LD_RUNPATH_SEARCH_PATHS = "$(inherited) @executable_path/Frameworks";
				PRODUCT_BUNDLE_IDENTIFIER = com.Fr3qfly.Calculator;
				PRODUCT_NAME = "$(TARGET_NAME)";
				SWIFT_VERSION = 3.0;
			};
			name = Debug;
		};
		6035D3AA1F0B0F6200AC8AB7 /* Release */ = {
			isa = XCBuildConfiguration;
			buildSettings = {
				ASSETCATALOG_COMPILER_APPICON_NAME = AppIcon;
				DEVELOPMENT_TEAM = VWUE9JZKY9;
				INFOPLIST_FILE = Calculator/Info.plist;
				LD_RUNPATH_SEARCH_PATHS = "$(inherited) @executable_path/Frameworks";
				PRODUCT_BUNDLE_IDENTIFIER = com.Fr3qfly.Calculator;
				PRODUCT_NAME = "$(TARGET_NAME)";
				SWIFT_VERSION = 3.0;
			};
			name = Release;
		};
/* End XCBuildConfiguration section */

/* Begin XCConfigurationList section */
		6035D3911F0B0F6200AC8AB7 /* Build configuration list for PBXProject "CalculatorByFr3qFly" */ = {
			isa = XCConfigurationList;
			buildConfigurations = (
				6035D3A61F0B0F6200AC8AB7 /* Debug */,
				6035D3A71F0B0F6200AC8AB7 /* Release */,
			);
			defaultConfigurationIsVisible = 0;
			defaultConfigurationName = Release;
		};
		6035D3A81F0B0F6200AC8AB7 /* Build configuration list for PBXNativeTarget "CalculatorByFr3qFly" */ = {
			isa = XCConfigurationList;
			buildConfigurations = (
				6035D3A91F0B0F6200AC8AB7 /* Debug */,
				6035D3AA1F0B0F6200AC8AB7 /* Release */,
			);
			defaultConfigurationIsVisible = 0;
			defaultConfigurationName = Release;
		};
/* End XCConfigurationList section */
	};
	rootObject = 6035D38E1F0B0F6200AC8AB7 /* Project object */;
}
